// !$*UTF8*$!
{
	archiveVersion = 1;
	classes = {
	};
	objectVersion = 56;
	objects = {

/* Begin PBXBuildFile section */
		3394603729A54102004884EB /* outfit.swift in Sources */ = {isa = PBXBuildFile; fileRef = 3394603629A54102004884EB /* outfit.swift */; };
		3731167929C27226008F94B0 /* CollageView.swift in Sources */ = {isa = PBXBuildFile; fileRef = 3731167829C27226008F94B0 /* CollageView.swift */; };
		3731167B29C27314008F94B0 /* OutfitItemCell.swift in Sources */ = {isa = PBXBuildFile; fileRef = 3731167A29C27314008F94B0 /* OutfitItemCell.swift */; };
		3744E74929A6B83000D74B5A /* UserProfile.swift in Sources */ = {isa = PBXBuildFile; fileRef = 3744E74829A6B83000D74B5A /* UserProfile.swift */; };
		623503CE299BEE5C002BA53C /* myClosetApp.swift in Sources */ = {isa = PBXBuildFile; fileRef = 623503CD299BEE5C002BA53C /* myClosetApp.swift */; };
		623503D2299BEE5D002BA53C /* Assets.xcassets in Resources */ = {isa = PBXBuildFile; fileRef = 623503D1299BEE5D002BA53C /* Assets.xcassets */; };
		623503D5299BEE5D002BA53C /* Preview Assets.xcassets in Resources */ = {isa = PBXBuildFile; fileRef = 623503D4299BEE5D002BA53C /* Preview Assets.xcassets */; };
		623503DF299BEE5D002BA53C /* myClosetTests.swift in Sources */ = {isa = PBXBuildFile; fileRef = 623503DE299BEE5D002BA53C /* myClosetTests.swift */; };
		623503E9299BEE5D002BA53C /* myClosetUITests.swift in Sources */ = {isa = PBXBuildFile; fileRef = 623503E8299BEE5D002BA53C /* myClosetUITests.swift */; };
		623503EB299BEE5D002BA53C /* myClosetUITestsLaunchTests.swift in Sources */ = {isa = PBXBuildFile; fileRef = 623503EA299BEE5D002BA53C /* myClosetUITestsLaunchTests.swift */; };
		6264376C29C213E600898FB6 /* ImagePicker.swift in Sources */ = {isa = PBXBuildFile; fileRef = 6264376B29C213E600898FB6 /* ImagePicker.swift */; };
		6264376E29C213FB00898FB6 /* ContentView.swift in Sources */ = {isa = PBXBuildFile; fileRef = 6264376D29C213FB00898FB6 /* ContentView.swift */; };
		627B337329A6E31500F546A2 /* LoginView.swift in Sources */ = {isa = PBXBuildFile; fileRef = 627B337229A6E31500F546A2 /* LoginView.swift */; };
		627B337529A6E33800F546A2 /* UserLoginData.swift in Sources */ = {isa = PBXBuildFile; fileRef = 627B337429A6E33800F546A2 /* UserLoginData.swift */; };
		62E33C8E29C00B5200A0F08E /* FirebaseAuth in Frameworks */ = {isa = PBXBuildFile; productRef = 62E33C8D29C00B5200A0F08E /* FirebaseAuth */; };
		62E33C9029C00B5200A0F08E /* FirebaseFirestore in Frameworks */ = {isa = PBXBuildFile; productRef = 62E33C8F29C00B5200A0F08E /* FirebaseFirestore */; };
		942F31F329BFF4C200BDD3B0 /* ClosetView.swift in Sources */ = {isa = PBXBuildFile; fileRef = 942F31F229BFF4C200BDD3B0 /* ClosetView.swift */; };
		942F31F529BFF51B00BDD3B0 /* VerifyTag.swift in Sources */ = {isa = PBXBuildFile; fileRef = 942F31F429BFF51B00BDD3B0 /* VerifyTag.swift */; };
		9452645429A542A200D24D5C /* ClothingItem.swift in Sources */ = {isa = PBXBuildFile; fileRef = 9452645329A542A200D24D5C /* ClothingItem.swift */; };
		9476506829D10D6B0000E12D /* ClothingItemManager.swift in Sources */ = {isa = PBXBuildFile; fileRef = 9476506729D10D6B0000E12D /* ClothingItemManager.swift */; };
		9476506A29D111430000E12D /* NewClothingItemView.swift in Sources */ = {isa = PBXBuildFile; fileRef = 9476506929D111430000E12D /* NewClothingItemView.swift */; };
		9476506C29D119CC0000E12D /* GoogleService-Info.plist in Resources */ = {isa = PBXBuildFile; fileRef = 9476506B29D119CC0000E12D /* GoogleService-Info.plist */; };
		C3671E3129B3004F006BABAD /* FeedView.swift in Sources */ = {isa = PBXBuildFile; fileRef = C3671E3029B3004F006BABAD /* FeedView.swift */; };
		C3671E3329B30060006BABAD /* PostCell.swift in Sources */ = {isa = PBXBuildFile; fileRef = C3671E3229B30060006BABAD /* PostCell.swift */; };
		C37FBBB629A5436D00E23648 /* post.swift in Sources */ = {isa = PBXBuildFile; fileRef = C37FBBB529A5436D00E23648 /* post.swift */; };
/* End PBXBuildFile section */

/* Begin PBXContainerItemProxy section */
		623503DB299BEE5D002BA53C /* PBXContainerItemProxy */ = {
			isa = PBXContainerItemProxy;
			containerPortal = 623503C2299BEE5C002BA53C /* Project object */;
			proxyType = 1;
			remoteGlobalIDString = 623503C9299BEE5C002BA53C;
			remoteInfo = myCloset;
		};
		623503E5299BEE5D002BA53C /* PBXContainerItemProxy */ = {
			isa = PBXContainerItemProxy;
			containerPortal = 623503C2299BEE5C002BA53C /* Project object */;
			proxyType = 1;
			remoteGlobalIDString = 623503C9299BEE5C002BA53C;
			remoteInfo = myCloset;
		};
/* End PBXContainerItemProxy section */

/* Begin PBXFileReference section */
		3394603629A54102004884EB /* outfit.swift */ = {isa = PBXFileReference; lastKnownFileType = sourcecode.swift; path = outfit.swift; sourceTree = "<group>"; };
		3731167829C27226008F94B0 /* CollageView.swift */ = {isa = PBXFileReference; lastKnownFileType = sourcecode.swift; path = CollageView.swift; sourceTree = "<group>"; };
		3731167A29C27314008F94B0 /* OutfitItemCell.swift */ = {isa = PBXFileReference; lastKnownFileType = sourcecode.swift; path = OutfitItemCell.swift; sourceTree = "<group>"; };
		3744E74829A6B83000D74B5A /* UserProfile.swift */ = {isa = PBXFileReference; lastKnownFileType = sourcecode.swift; path = UserProfile.swift; sourceTree = "<group>"; };
		623503CA299BEE5C002BA53C /* myCloset.app */ = {isa = PBXFileReference; explicitFileType = wrapper.application; includeInIndex = 0; path = myCloset.app; sourceTree = BUILT_PRODUCTS_DIR; };
		623503CD299BEE5C002BA53C /* myClosetApp.swift */ = {isa = PBXFileReference; lastKnownFileType = sourcecode.swift; path = myClosetApp.swift; sourceTree = "<group>"; };
		623503D1299BEE5D002BA53C /* Assets.xcassets */ = {isa = PBXFileReference; lastKnownFileType = folder.assetcatalog; path = Assets.xcassets; sourceTree = "<group>"; };
		623503D4299BEE5D002BA53C /* Preview Assets.xcassets */ = {isa = PBXFileReference; lastKnownFileType = folder.assetcatalog; path = "Preview Assets.xcassets"; sourceTree = "<group>"; };
		623503DA299BEE5D002BA53C /* myClosetTests.xctest */ = {isa = PBXFileReference; explicitFileType = wrapper.cfbundle; includeInIndex = 0; path = myClosetTests.xctest; sourceTree = BUILT_PRODUCTS_DIR; };
		623503DE299BEE5D002BA53C /* myClosetTests.swift */ = {isa = PBXFileReference; lastKnownFileType = sourcecode.swift; path = myClosetTests.swift; sourceTree = "<group>"; };
		623503E4299BEE5D002BA53C /* myClosetUITests.xctest */ = {isa = PBXFileReference; explicitFileType = wrapper.cfbundle; includeInIndex = 0; path = myClosetUITests.xctest; sourceTree = BUILT_PRODUCTS_DIR; };
		623503E8299BEE5D002BA53C /* myClosetUITests.swift */ = {isa = PBXFileReference; lastKnownFileType = sourcecode.swift; path = myClosetUITests.swift; sourceTree = "<group>"; };
		623503EA299BEE5D002BA53C /* myClosetUITestsLaunchTests.swift */ = {isa = PBXFileReference; lastKnownFileType = sourcecode.swift; path = myClosetUITestsLaunchTests.swift; sourceTree = "<group>"; };
		6264376B29C213E600898FB6 /* ImagePicker.swift */ = {isa = PBXFileReference; fileEncoding = 4; lastKnownFileType = sourcecode.swift; path = ImagePicker.swift; sourceTree = "<group>"; };
		6264376D29C213FB00898FB6 /* ContentView.swift */ = {isa = PBXFileReference; fileEncoding = 4; lastKnownFileType = sourcecode.swift; path = ContentView.swift; sourceTree = "<group>"; };
		627B337229A6E31500F546A2 /* LoginView.swift */ = {isa = PBXFileReference; lastKnownFileType = sourcecode.swift; path = LoginView.swift; sourceTree = "<group>"; };
		627B337429A6E33800F546A2 /* UserLoginData.swift */ = {isa = PBXFileReference; lastKnownFileType = sourcecode.swift; path = UserLoginData.swift; sourceTree = "<group>"; };
		62E33C8B29C0067200A0F08E /* Info.plist */ = {isa = PBXFileReference; lastKnownFileType = text.plist; path = Info.plist; sourceTree = "<group>"; };
		942F31F229BFF4C200BDD3B0 /* ClosetView.swift */ = {isa = PBXFileReference; lastKnownFileType = sourcecode.swift; path = ClosetView.swift; sourceTree = "<group>"; };
		942F31F429BFF51B00BDD3B0 /* VerifyTag.swift */ = {isa = PBXFileReference; lastKnownFileType = sourcecode.swift; path = VerifyTag.swift; sourceTree = "<group>"; };
		9452645329A542A200D24D5C /* ClothingItem.swift */ = {isa = PBXFileReference; lastKnownFileType = sourcecode.swift; path = ClothingItem.swift; sourceTree = "<group>"; };
		9476506729D10D6B0000E12D /* ClothingItemManager.swift */ = {isa = PBXFileReference; lastKnownFileType = sourcecode.swift; path = ClothingItemManager.swift; sourceTree = "<group>"; };
		9476506929D111430000E12D /* NewClothingItemView.swift */ = {isa = PBXFileReference; lastKnownFileType = sourcecode.swift; path = NewClothingItemView.swift; sourceTree = "<group>"; };
		9476506B29D119CC0000E12D /* GoogleService-Info.plist */ = {isa = PBXFileReference; fileEncoding = 4; lastKnownFileType = text.plist.xml; path = "GoogleService-Info.plist"; sourceTree = "<group>"; };
		C3671E3029B3004F006BABAD /* FeedView.swift */ = {isa = PBXFileReference; lastKnownFileType = sourcecode.swift; path = FeedView.swift; sourceTree = "<group>"; };
		C3671E3229B30060006BABAD /* PostCell.swift */ = {isa = PBXFileReference; lastKnownFileType = sourcecode.swift; path = PostCell.swift; sourceTree = "<group>"; };
		C37FBBB529A5436D00E23648 /* post.swift */ = {isa = PBXFileReference; lastKnownFileType = sourcecode.swift; path = post.swift; sourceTree = "<group>"; };
/* End PBXFileReference section */

/* Begin PBXFrameworksBuildPhase section */
		623503C7299BEE5C002BA53C /* Frameworks */ = {
			isa = PBXFrameworksBuildPhase;
			buildActionMask = 2147483647;
			files = (
				62E33C8E29C00B5200A0F08E /* FirebaseAuth in Frameworks */,
				62E33C9029C00B5200A0F08E /* FirebaseFirestore in Frameworks */,
			);
			runOnlyForDeploymentPostprocessing = 0;
		};
		623503D7299BEE5D002BA53C /* Frameworks */ = {
			isa = PBXFrameworksBuildPhase;
			buildActionMask = 2147483647;
			files = (
			);
			runOnlyForDeploymentPostprocessing = 0;
		};
		623503E1299BEE5D002BA53C /* Frameworks */ = {
			isa = PBXFrameworksBuildPhase;
			buildActionMask = 2147483647;
			files = (
			);
			runOnlyForDeploymentPostprocessing = 0;
		};
/* End PBXFrameworksBuildPhase section */

/* Begin PBXGroup section */
		623503C1299BEE5C002BA53C = {
			isa = PBXGroup;
			children = (
				623503CC299BEE5C002BA53C /* myCloset */,
				623503DD299BEE5D002BA53C /* myClosetTests */,
				623503E7299BEE5D002BA53C /* myClosetUITests */,
				623503CB299BEE5C002BA53C /* Products */,
			);
			sourceTree = "<group>";
		};
		623503CB299BEE5C002BA53C /* Products */ = {
			isa = PBXGroup;
			children = (
				623503CA299BEE5C002BA53C /* myCloset.app */,
				623503DA299BEE5D002BA53C /* myClosetTests.xctest */,
				623503E4299BEE5D002BA53C /* myClosetUITests.xctest */,
			);
			name = Products;
			sourceTree = "<group>";
		};
		623503CC299BEE5C002BA53C /* myCloset */ = {
			isa = PBXGroup;
			children = (
				623503CD299BEE5C002BA53C /* myClosetApp.swift */,
				942F31F229BFF4C200BDD3B0 /* ClosetView.swift */,
				627B337229A6E31500F546A2 /* LoginView.swift */,
				9476506929D111430000E12D /* NewClothingItemView.swift */,
				C37FBBB529A5436D00E23648 /* post.swift */,
				C3671E3029B3004F006BABAD /* FeedView.swift */,
				C3671E3229B30060006BABAD /* PostCell.swift */,
				6264376D29C213FB00898FB6 /* ContentView.swift */,
				6264376B29C213E600898FB6 /* ImagePicker.swift */,
				942F31F429BFF51B00BDD3B0 /* VerifyTag.swift */,
				627B337429A6E33800F546A2 /* UserLoginData.swift */,
				9452645329A542A200D24D5C /* ClothingItem.swift */,
				9476506729D10D6B0000E12D /* ClothingItemManager.swift */,
				3744E74829A6B83000D74B5A /* UserProfile.swift */,
				3394603629A54102004884EB /* outfit.swift */,
				3731167829C27226008F94B0 /* CollageView.swift */,
				3731167A29C27314008F94B0 /* OutfitItemCell.swift */,
				623503D1299BEE5D002BA53C /* Assets.xcassets */,
				62E33C8B29C0067200A0F08E /* Info.plist */,
				9476506B29D119CC0000E12D /* GoogleService-Info.plist */,
				623503D3299BEE5D002BA53C /* Preview Content */,
			);
			path = myCloset;
			sourceTree = "<group>";
		};
		623503D3299BEE5D002BA53C /* Preview Content */ = {
			isa = PBXGroup;
			children = (
				623503D4299BEE5D002BA53C /* Preview Assets.xcassets */,
			);
			path = "Preview Content";
			sourceTree = "<group>";
		};
		623503DD299BEE5D002BA53C /* myClosetTests */ = {
			isa = PBXGroup;
			children = (
				623503DE299BEE5D002BA53C /* myClosetTests.swift */,
			);
			path = myClosetTests;
			sourceTree = "<group>";
		};
		623503E7299BEE5D002BA53C /* myClosetUITests */ = {
			isa = PBXGroup;
			children = (
				623503E8299BEE5D002BA53C /* myClosetUITests.swift */,
				623503EA299BEE5D002BA53C /* myClosetUITestsLaunchTests.swift */,
			);
			path = myClosetUITests;
			sourceTree = "<group>";
		};
/* End PBXGroup section */

/* Begin PBXNativeTarget section */
		623503C9299BEE5C002BA53C /* myCloset */ = {
			isa = PBXNativeTarget;
			buildConfigurationList = 623503EE299BEE5D002BA53C /* Build configuration list for PBXNativeTarget "myCloset" */;
			buildPhases = (
				623503C6299BEE5C002BA53C /* Sources */,
				623503C7299BEE5C002BA53C /* Frameworks */,
				623503C8299BEE5C002BA53C /* Resources */,
			);
			buildRules = (
			);
			dependencies = (
			);
			name = myCloset;
			packageProductDependencies = (
				62E33C8D29C00B5200A0F08E /* FirebaseAuth */,
				62E33C8F29C00B5200A0F08E /* FirebaseFirestore */,
			);
			productName = myCloset;
			productReference = 623503CA299BEE5C002BA53C /* myCloset.app */;
			productType = "com.apple.product-type.application";
		};
		623503D9299BEE5D002BA53C /* myClosetTests */ = {
			isa = PBXNativeTarget;
			buildConfigurationList = 623503F1299BEE5D002BA53C /* Build configuration list for PBXNativeTarget "myClosetTests" */;
			buildPhases = (
				623503D6299BEE5D002BA53C /* Sources */,
				623503D7299BEE5D002BA53C /* Frameworks */,
				623503D8299BEE5D002BA53C /* Resources */,
			);
			buildRules = (
			);
			dependencies = (
				623503DC299BEE5D002BA53C /* PBXTargetDependency */,
			);
			name = myClosetTests;
			productName = myClosetTests;
			productReference = 623503DA299BEE5D002BA53C /* myClosetTests.xctest */;
			productType = "com.apple.product-type.bundle.unit-test";
		};
		623503E3299BEE5D002BA53C /* myClosetUITests */ = {
			isa = PBXNativeTarget;
			buildConfigurationList = 623503F4299BEE5D002BA53C /* Build configuration list for PBXNativeTarget "myClosetUITests" */;
			buildPhases = (
				623503E0299BEE5D002BA53C /* Sources */,
				623503E1299BEE5D002BA53C /* Frameworks */,
				623503E2299BEE5D002BA53C /* Resources */,
			);
			buildRules = (
			);
			dependencies = (
				623503E6299BEE5D002BA53C /* PBXTargetDependency */,
			);
			name = myClosetUITests;
			productName = myClosetUITests;
			productReference = 623503E4299BEE5D002BA53C /* myClosetUITests.xctest */;
			productType = "com.apple.product-type.bundle.ui-testing";
		};
/* End PBXNativeTarget section */

/* Begin PBXProject section */
		623503C2299BEE5C002BA53C /* Project object */ = {
			isa = PBXProject;
			attributes = {
				BuildIndependentTargetsInParallel = 1;
				LastSwiftUpdateCheck = 1420;
				LastUpgradeCheck = 1420;
				TargetAttributes = {
					623503C9299BEE5C002BA53C = {
						CreatedOnToolsVersion = 14.2;
					};
					623503D9299BEE5D002BA53C = {
						CreatedOnToolsVersion = 14.2;
						TestTargetID = 623503C9299BEE5C002BA53C;
					};
					623503E3299BEE5D002BA53C = {
						CreatedOnToolsVersion = 14.2;
						TestTargetID = 623503C9299BEE5C002BA53C;
					};
				};
			};
			buildConfigurationList = 623503C5299BEE5C002BA53C /* Build configuration list for PBXProject "myCloset" */;
			compatibilityVersion = "Xcode 14.0";
			developmentRegion = en;
			hasScannedForEncodings = 0;
			knownRegions = (
				en,
				Base,
			);
			mainGroup = 623503C1299BEE5C002BA53C;
			packageReferences = (
				62E33C8C29C00B5200A0F08E /* XCRemoteSwiftPackageReference "firebase-ios-sdk" */,
			);
			productRefGroup = 623503CB299BEE5C002BA53C /* Products */;
			projectDirPath = "";
			projectRoot = "";
			targets = (
				623503C9299BEE5C002BA53C /* myCloset */,
				623503D9299BEE5D002BA53C /* myClosetTests */,
				623503E3299BEE5D002BA53C /* myClosetUITests */,
			);
		};
/* End PBXProject section */

/* Begin PBXResourcesBuildPhase section */
		623503C8299BEE5C002BA53C /* Resources */ = {
			isa = PBXResourcesBuildPhase;
			buildActionMask = 2147483647;
			files = (
				623503D5299BEE5D002BA53C /* Preview Assets.xcassets in Resources */,
				9476506C29D119CC0000E12D /* GoogleService-Info.plist in Resources */,
				623503D2299BEE5D002BA53C /* Assets.xcassets in Resources */,
			);
			runOnlyForDeploymentPostprocessing = 0;
		};
		623503D8299BEE5D002BA53C /* Resources */ = {
			isa = PBXResourcesBuildPhase;
			buildActionMask = 2147483647;
			files = (
			);
			runOnlyForDeploymentPostprocessing = 0;
		};
		623503E2299BEE5D002BA53C /* Resources */ = {
			isa = PBXResourcesBuildPhase;
			buildActionMask = 2147483647;
			files = (
			);
			runOnlyForDeploymentPostprocessing = 0;
		};
/* End PBXResourcesBuildPhase section */

/* Begin PBXSourcesBuildPhase section */
		623503C6299BEE5C002BA53C /* Sources */ = {
			isa = PBXSourcesBuildPhase;
			buildActionMask = 2147483647;
			files = (
				C3671E3129B3004F006BABAD /* FeedView.swift in Sources */,
				9452645429A542A200D24D5C /* ClothingItem.swift in Sources */,
				C37FBBB629A5436D00E23648 /* post.swift in Sources */,
				627B337329A6E31500F546A2 /* LoginView.swift in Sources */,
				3731167929C27226008F94B0 /* CollageView.swift in Sources */,
				9476506A29D111430000E12D /* NewClothingItemView.swift in Sources */,
				627B337529A6E33800F546A2 /* UserLoginData.swift in Sources */,
				9476506829D10D6B0000E12D /* ClothingItemManager.swift in Sources */,
				C3671E3329B30060006BABAD /* PostCell.swift in Sources */,
				942F31F329BFF4C200BDD3B0 /* ClosetView.swift in Sources */,
				3394603729A54102004884EB /* outfit.swift in Sources */,
				942F31F529BFF51B00BDD3B0 /* VerifyTag.swift in Sources */,
				6264376C29C213E600898FB6 /* ImagePicker.swift in Sources */,
				3731167B29C27314008F94B0 /* OutfitItemCell.swift in Sources */,
				6264376E29C213FB00898FB6 /* ContentView.swift in Sources */,
				623503CE299BEE5C002BA53C /* myClosetApp.swift in Sources */,
				3744E74929A6B83000D74B5A /* UserProfile.swift in Sources */,
			);
			runOnlyForDeploymentPostprocessing = 0;
		};
		623503D6299BEE5D002BA53C /* Sources */ = {
			isa = PBXSourcesBuildPhase;
			buildActionMask = 2147483647;
			files = (
				623503DF299BEE5D002BA53C /* myClosetTests.swift in Sources */,
			);
			runOnlyForDeploymentPostprocessing = 0;
		};
		623503E0299BEE5D002BA53C /* Sources */ = {
			isa = PBXSourcesBuildPhase;
			buildActionMask = 2147483647;
			files = (
				623503EB299BEE5D002BA53C /* myClosetUITestsLaunchTests.swift in Sources */,
				623503E9299BEE5D002BA53C /* myClosetUITests.swift in Sources */,
			);
			runOnlyForDeploymentPostprocessing = 0;
		};
/* End PBXSourcesBuildPhase section */

/* Begin PBXTargetDependency section */
		623503DC299BEE5D002BA53C /* PBXTargetDependency */ = {
			isa = PBXTargetDependency;
			target = 623503C9299BEE5C002BA53C /* myCloset */;
			targetProxy = 623503DB299BEE5D002BA53C /* PBXContainerItemProxy */;
		};
		623503E6299BEE5D002BA53C /* PBXTargetDependency */ = {
			isa = PBXTargetDependency;
			target = 623503C9299BEE5C002BA53C /* myCloset */;
			targetProxy = 623503E5299BEE5D002BA53C /* PBXContainerItemProxy */;
		};
/* End PBXTargetDependency section */

/* Begin XCBuildConfiguration section */
		623503EC299BEE5D002BA53C /* Debug */ = {
			isa = XCBuildConfiguration;
			buildSettings = {
				ALWAYS_SEARCH_USER_PATHS = NO;
				CLANG_ANALYZER_NONNULL = YES;
				CLANG_ANALYZER_NUMBER_OBJECT_CONVERSION = YES_AGGRESSIVE;
				CLANG_CXX_LANGUAGE_STANDARD = "gnu++20";
				CLANG_ENABLE_MODULES = YES;
				CLANG_ENABLE_OBJC_ARC = YES;
				CLANG_ENABLE_OBJC_WEAK = YES;
				CLANG_WARN_BLOCK_CAPTURE_AUTORELEASING = YES;
				CLANG_WARN_BOOL_CONVERSION = YES;
				CLANG_WARN_COMMA = YES;
				CLANG_WARN_CONSTANT_CONVERSION = YES;
				CLANG_WARN_DEPRECATED_OBJC_IMPLEMENTATIONS = YES;
				CLANG_WARN_DIRECT_OBJC_ISA_USAGE = YES_ERROR;
				CLANG_WARN_DOCUMENTATION_COMMENTS = YES;
				CLANG_WARN_EMPTY_BODY = YES;
				CLANG_WARN_ENUM_CONVERSION = YES;
				CLANG_WARN_INFINITE_RECURSION = YES;
				CLANG_WARN_INT_CONVERSION = YES;
				CLANG_WARN_NON_LITERAL_NULL_CONVERSION = YES;
				CLANG_WARN_OBJC_IMPLICIT_RETAIN_SELF = YES;
				CLANG_WARN_OBJC_LITERAL_CONVERSION = YES;
				CLANG_WARN_OBJC_ROOT_CLASS = YES_ERROR;
				CLANG_WARN_QUOTED_INCLUDE_IN_FRAMEWORK_HEADER = YES;
				CLANG_WARN_RANGE_LOOP_ANALYSIS = YES;
				CLANG_WARN_STRICT_PROTOTYPES = YES;
				CLANG_WARN_SUSPICIOUS_MOVE = YES;
				CLANG_WARN_UNGUARDED_AVAILABILITY = YES_AGGRESSIVE;
				CLANG_WARN_UNREACHABLE_CODE = YES;
				CLANG_WARN__DUPLICATE_METHOD_MATCH = YES;
				COPY_PHASE_STRIP = NO;
				DEBUG_INFORMATION_FORMAT = dwarf;
				ENABLE_STRICT_OBJC_MSGSEND = YES;
				ENABLE_TESTABILITY = YES;
				GCC_C_LANGUAGE_STANDARD = gnu11;
				GCC_DYNAMIC_NO_PIC = NO;
				GCC_NO_COMMON_BLOCKS = YES;
				GCC_OPTIMIZATION_LEVEL = 0;
				GCC_PREPROCESSOR_DEFINITIONS = (
					"DEBUG=1",
					"$(inherited)",
				);
				GCC_WARN_64_TO_32_BIT_CONVERSION = YES;
				GCC_WARN_ABOUT_RETURN_TYPE = YES_ERROR;
				GCC_WARN_UNDECLARED_SELECTOR = YES;
				GCC_WARN_UNINITIALIZED_AUTOS = YES_AGGRESSIVE;
				GCC_WARN_UNUSED_FUNCTION = YES;
				GCC_WARN_UNUSED_VARIABLE = YES;
				IPHONEOS_DEPLOYMENT_TARGET = 16.2;
				MTL_ENABLE_DEBUG_INFO = INCLUDE_SOURCE;
				MTL_FAST_MATH = YES;
				ONLY_ACTIVE_ARCH = YES;
				SDKROOT = iphoneos;
				SWIFT_ACTIVE_COMPILATION_CONDITIONS = DEBUG;
				SWIFT_OPTIMIZATION_LEVEL = "-Onone";
			};
			name = Debug;
		};
		623503ED299BEE5D002BA53C /* Release */ = {
			isa = XCBuildConfiguration;
			buildSettings = {
				ALWAYS_SEARCH_USER_PATHS = NO;
				CLANG_ANALYZER_NONNULL = YES;
				CLANG_ANALYZER_NUMBER_OBJECT_CONVERSION = YES_AGGRESSIVE;
				CLANG_CXX_LANGUAGE_STANDARD = "gnu++20";
				CLANG_ENABLE_MODULES = YES;
				CLANG_ENABLE_OBJC_ARC = YES;
				CLANG_ENABLE_OBJC_WEAK = YES;
				CLANG_WARN_BLOCK_CAPTURE_AUTORELEASING = YES;
				CLANG_WARN_BOOL_CONVERSION = YES;
				CLANG_WARN_COMMA = YES;
				CLANG_WARN_CONSTANT_CONVERSION = YES;
				CLANG_WARN_DEPRECATED_OBJC_IMPLEMENTATIONS = YES;
				CLANG_WARN_DIRECT_OBJC_ISA_USAGE = YES_ERROR;
				CLANG_WARN_DOCUMENTATION_COMMENTS = YES;
				CLANG_WARN_EMPTY_BODY = YES;
				CLANG_WARN_ENUM_CONVERSION = YES;
				CLANG_WARN_INFINITE_RECURSION = YES;
				CLANG_WARN_INT_CONVERSION = YES;
				CLANG_WARN_NON_LITERAL_NULL_CONVERSION = YES;
				CLANG_WARN_OBJC_IMPLICIT_RETAIN_SELF = YES;
				CLANG_WARN_OBJC_LITERAL_CONVERSION = YES;
				CLANG_WARN_OBJC_ROOT_CLASS = YES_ERROR;
				CLANG_WARN_QUOTED_INCLUDE_IN_FRAMEWORK_HEADER = YES;
				CLANG_WARN_RANGE_LOOP_ANALYSIS = YES;
				CLANG_WARN_STRICT_PROTOTYPES = YES;
				CLANG_WARN_SUSPICIOUS_MOVE = YES;
				CLANG_WARN_UNGUARDED_AVAILABILITY = YES_AGGRESSIVE;
				CLANG_WARN_UNREACHABLE_CODE = YES;
				CLANG_WARN__DUPLICATE_METHOD_MATCH = YES;
				COPY_PHASE_STRIP = NO;
				DEBUG_INFORMATION_FORMAT = "dwarf-with-dsym";
				ENABLE_NS_ASSERTIONS = NO;
				ENABLE_STRICT_OBJC_MSGSEND = YES;
				GCC_C_LANGUAGE_STANDARD = gnu11;
				GCC_NO_COMMON_BLOCKS = YES;
				GCC_WARN_64_TO_32_BIT_CONVERSION = YES;
				GCC_WARN_ABOUT_RETURN_TYPE = YES_ERROR;
				GCC_WARN_UNDECLARED_SELECTOR = YES;
				GCC_WARN_UNINITIALIZED_AUTOS = YES_AGGRESSIVE;
				GCC_WARN_UNUSED_FUNCTION = YES;
				GCC_WARN_UNUSED_VARIABLE = YES;
				IPHONEOS_DEPLOYMENT_TARGET = 16.2;
				MTL_ENABLE_DEBUG_INFO = NO;
				MTL_FAST_MATH = YES;
				SDKROOT = iphoneos;
				SWIFT_COMPILATION_MODE = wholemodule;
				SWIFT_OPTIMIZATION_LEVEL = "-O";
				VALIDATE_PRODUCT = YES;
			};
			name = Release;
		};
		623503EF299BEE5D002BA53C /* Debug */ = {
			isa = XCBuildConfiguration;
			buildSettings = {
				ASSETCATALOG_COMPILER_APPICON_NAME = AppIcon;
				ASSETCATALOG_COMPILER_GLOBAL_ACCENT_COLOR_NAME = AccentColor;
				CODE_SIGN_STYLE = Automatic;
				CURRENT_PROJECT_VERSION = 1;
				DEVELOPMENT_ASSET_PATHS = "\"myCloset/Preview Content\"";
				DEVELOPMENT_TEAM = 78JG6HQ7B5;
				ENABLE_PREVIEWS = YES;
				GENERATE_INFOPLIST_FILE = YES;
				INFOPLIST_FILE = myCloset/Info.plist;
				INFOPLIST_KEY_UIApplicationSupportsIndirectInputEvents = YES;
				INFOPLIST_KEY_UILaunchScreen_Generation = YES;
				INFOPLIST_KEY_UISupportedInterfaceOrientations_iPad = "UIInterfaceOrientationPortrait UIInterfaceOrientationPortraitUpsideDown UIInterfaceOrientationLandscapeLeft UIInterfaceOrientationLandscapeRight";
				INFOPLIST_KEY_UISupportedInterfaceOrientations_iPhone = "UIInterfaceOrientationPortrait UIInterfaceOrientationLandscapeLeft UIInterfaceOrientationLandscapeRight";
				LD_RUNPATH_SEARCH_PATHS = (
					"$(inherited)",
					"@executable_path/Frameworks",
				);
				MARKETING_VERSION = 1.0;
				PRODUCT_BUNDLE_IDENTIFIER = com.jonahgloss.myCloset;
				PRODUCT_NAME = "$(TARGET_NAME)";
				SWIFT_EMIT_LOC_STRINGS = YES;
				SWIFT_VERSION = 5.0;
				TARGETED_DEVICE_FAMILY = "1,2";
			};
			name = Debug;
		};
		623503F0299BEE5D002BA53C /* Release */ = {
			isa = XCBuildConfiguration;
			buildSettings = {
				ASSETCATALOG_COMPILER_APPICON_NAME = AppIcon;
				ASSETCATALOG_COMPILER_GLOBAL_ACCENT_COLOR_NAME = AccentColor;
				CODE_SIGN_STYLE = Automatic;
				CURRENT_PROJECT_VERSION = 1;
				DEVELOPMENT_ASSET_PATHS = "\"myCloset/Preview Content\"";
				DEVELOPMENT_TEAM = 78JG6HQ7B5;
				ENABLE_PREVIEWS = YES;
				GENERATE_INFOPLIST_FILE = YES;
				INFOPLIST_FILE = myCloset/Info.plist;
				INFOPLIST_KEY_UIApplicationSupportsIndirectInputEvents = YES;
				INFOPLIST_KEY_UILaunchScreen_Generation = YES;
				INFOPLIST_KEY_UISupportedInterfaceOrientations_iPad = "UIInterfaceOrientationPortrait UIInterfaceOrientationPortraitUpsideDown UIInterfaceOrientationLandscapeLeft UIInterfaceOrientationLandscapeRight";
				INFOPLIST_KEY_UISupportedInterfaceOrientations_iPhone = "UIInterfaceOrientationPortrait UIInterfaceOrientationLandscapeLeft UIInterfaceOrientationLandscapeRight";
				LD_RUNPATH_SEARCH_PATHS = (
					"$(inherited)",
					"@executable_path/Frameworks",
				);
				MARKETING_VERSION = 1.0;
				PRODUCT_BUNDLE_IDENTIFIER = com.jonahgloss.myCloset;
				PRODUCT_NAME = "$(TARGET_NAME)";
				SWIFT_EMIT_LOC_STRINGS = YES;
				SWIFT_VERSION = 5.0;
				TARGETED_DEVICE_FAMILY = "1,2";
			};
			name = Release;
		};
		623503F2299BEE5D002BA53C /* Debug */ = {
			isa = XCBuildConfiguration;
			buildSettings = {
				ALWAYS_EMBED_SWIFT_STANDARD_LIBRARIES = YES;
				BUNDLE_LOADER = "$(TEST_HOST)";
				CODE_SIGN_STYLE = Automatic;
				CURRENT_PROJECT_VERSION = 1;
				GENERATE_INFOPLIST_FILE = YES;
				IPHONEOS_DEPLOYMENT_TARGET = 16.2;
				MARKETING_VERSION = 1.0;
				PRODUCT_BUNDLE_IDENTIFIER = "com.example.apple-samplecode.myClosetTests";
				PRODUCT_NAME = "$(TARGET_NAME)";
				SWIFT_EMIT_LOC_STRINGS = NO;
				SWIFT_VERSION = 5.0;
				TARGETED_DEVICE_FAMILY = "1,2";
				TEST_HOST = "$(BUILT_PRODUCTS_DIR)/myCloset.app/$(BUNDLE_EXECUTABLE_FOLDER_PATH)/myCloset";
			};
			name = Debug;
		};
		623503F3299BEE5D002BA53C /* Release */ = {
			isa = XCBuildConfiguration;
			buildSettings = {
				ALWAYS_EMBED_SWIFT_STANDARD_LIBRARIES = YES;
				BUNDLE_LOADER = "$(TEST_HOST)";
				CODE_SIGN_STYLE = Automatic;
				CURRENT_PROJECT_VERSION = 1;
				GENERATE_INFOPLIST_FILE = YES;
				IPHONEOS_DEPLOYMENT_TARGET = 16.2;
				MARKETING_VERSION = 1.0;
				PRODUCT_BUNDLE_IDENTIFIER = "com.example.apple-samplecode.myClosetTests";
				PRODUCT_NAME = "$(TARGET_NAME)";
				SWIFT_EMIT_LOC_STRINGS = NO;
				SWIFT_VERSION = 5.0;
				TARGETED_DEVICE_FAMILY = "1,2";
				TEST_HOST = "$(BUILT_PRODUCTS_DIR)/myCloset.app/$(BUNDLE_EXECUTABLE_FOLDER_PATH)/myCloset";
			};
			name = Release;
		};
		623503F5299BEE5D002BA53C /* Debug */ = {
			isa = XCBuildConfiguration;
			buildSettings = {
				ALWAYS_EMBED_SWIFT_STANDARD_LIBRARIES = YES;
				CODE_SIGN_STYLE = Automatic;
				CURRENT_PROJECT_VERSION = 1;
				GENERATE_INFOPLIST_FILE = YES;
				MARKETING_VERSION = 1.0;
				PRODUCT_BUNDLE_IDENTIFIER = "com.example.apple-samplecode.myClosetUITests";
				PRODUCT_NAME = "$(TARGET_NAME)";
				SWIFT_EMIT_LOC_STRINGS = NO;
				SWIFT_VERSION = 5.0;
				TARGETED_DEVICE_FAMILY = "1,2";
				TEST_TARGET_NAME = myCloset;
			};
			name = Debug;
		};
		623503F6299BEE5D002BA53C /* Release */ = {
			isa = XCBuildConfiguration;
			buildSettings = {
				ALWAYS_EMBED_SWIFT_STANDARD_LIBRARIES = YES;
				CODE_SIGN_STYLE = Automatic;
				CURRENT_PROJECT_VERSION = 1;
				GENERATE_INFOPLIST_FILE = YES;
				MARKETING_VERSION = 1.0;
				PRODUCT_BUNDLE_IDENTIFIER = "com.example.apple-samplecode.myClosetUITests";
				PRODUCT_NAME = "$(TARGET_NAME)";
				SWIFT_EMIT_LOC_STRINGS = NO;
				SWIFT_VERSION = 5.0;
				TARGETED_DEVICE_FAMILY = "1,2";
				TEST_TARGET_NAME = myCloset;
			};
			name = Release;
		};
/* End XCBuildConfiguration section */

/* Begin XCConfigurationList section */
		623503C5299BEE5C002BA53C /* Build configuration list for PBXProject "myCloset" */ = {
			isa = XCConfigurationList;
			buildConfigurations = (
				623503EC299BEE5D002BA53C /* Debug */,
				623503ED299BEE5D002BA53C /* Release */,
			);
			defaultConfigurationIsVisible = 0;
			defaultConfigurationName = Release;
		};
		623503EE299BEE5D002BA53C /* Build configuration list for PBXNativeTarget "myCloset" */ = {
			isa = XCConfigurationList;
			buildConfigurations = (
				623503EF299BEE5D002BA53C /* Debug */,
				623503F0299BEE5D002BA53C /* Release */,
			);
			defaultConfigurationIsVisible = 0;
			defaultConfigurationName = Release;
		};
		623503F1299BEE5D002BA53C /* Build configuration list for PBXNativeTarget "myClosetTests" */ = {
			isa = XCConfigurationList;
			buildConfigurations = (
				623503F2299BEE5D002BA53C /* Debug */,
				623503F3299BEE5D002BA53C /* Release */,
			);
			defaultConfigurationIsVisible = 0;
			defaultConfigurationName = Release;
		};
		623503F4299BEE5D002BA53C /* Build configuration list for PBXNativeTarget "myClosetUITests" */ = {
			isa = XCConfigurationList;
			buildConfigurations = (
				623503F5299BEE5D002BA53C /* Debug */,
				623503F6299BEE5D002BA53C /* Release */,
			);
			defaultConfigurationIsVisible = 0;
			defaultConfigurationName = Release;
		};
/* End XCConfigurationList section */

/* Begin XCRemoteSwiftPackageReference section */
		62E33C8C29C00B5200A0F08E /* XCRemoteSwiftPackageReference "firebase-ios-sdk" */ = {
			isa = XCRemoteSwiftPackageReference;
			repositoryURL = "https://github.com/firebase/firebase-ios-sdk.git";
			requirement = {
				kind = upToNextMajorVersion;
				minimumVersion = 9.0.0;
			};
		};
/* End XCRemoteSwiftPackageReference section */

/* Begin XCSwiftPackageProductDependency section */
		62E33C8D29C00B5200A0F08E /* FirebaseAuth */ = {
			isa = XCSwiftPackageProductDependency;
			package = 62E33C8C29C00B5200A0F08E /* XCRemoteSwiftPackageReference "firebase-ios-sdk" */;
			productName = FirebaseAuth;
		};
		62E33C8F29C00B5200A0F08E /* FirebaseFirestore */ = {
			isa = XCSwiftPackageProductDependency;
			package = 62E33C8C29C00B5200A0F08E /* XCRemoteSwiftPackageReference "firebase-ios-sdk" */;
			productName = FirebaseFirestore;
		};
/* End XCSwiftPackageProductDependency section */
	};
	rootObject = 623503C2299BEE5C002BA53C /* Project object */;
}
